
Microsoft Visual Studio Solution File, Format Version 12.00
# Visual Studio Version 16
VisualStudioVersion = 16.0.29215.179
MinimumVisualStudioVersion = 10.0.40219.1
Project("{FAE04EC0-301F-11D3-BF4B-00C04F79EFBC}") = "ServerlessAuthenticationWithAzureActiveDirectoryFrontEnd", "ServerlessAuthenticationWithAzureActiveDirectoryFrontEnd.csproj", "{A62D3303-0C26-4B14-B411-9A99C4D49052}"
EndProject
Global
	GlobalSection(SolutionConfigurationPlatforms) = preSolution
		Debug|Any CPU = Debug|Any CPU
		Release|Any CPU = Release|Any CPU
	EndGlobalSection
	GlobalSection(ProjectConfigurationPlatforms) = postSolution
		{A62D3303-0C26-4B14-B411-9A99C4D49052}.Debug|Any CPU.ActiveCfg = Debug|Any CPU
		{A62D3303-0C26-4B14-B411-9A99C4D49052}.Debug|Any CPU.Build.0 = Debug|Any CPU
		{A62D3303-0C26-4B14-B411-9A99C4D49052}.Release|Any CPU.ActiveCfg = Release|Any CPU
		{A62D3303-0C26-4B14-B411-9A99C4D49052}.Release|Any CPU.Build.0 = Release|Any CPU
	EndGlobalSection
	GlobalSection(SolutionProperties) = preSolution
		HideSolutionNode = FALSE
	EndGlobalSection
	GlobalSection(ExtensibilityGlobals) = postSolution
		SolutionGuid = {C5756B42-373C-4A21-AB39-C8741D1CB88F}
	EndGlobalSection
EndGlobal
